
Microsoft Visual Studio Solution File, Format Version 12.00
# Visual Studio Version 16
VisualStudioVersion = 16.0.28803.352
MinimumVisualStudioVersion = 10.0.40219.1
Project("{FAE04EC0-301F-11D3-BF4B-00C04F79EFBC}") = "aiala.mobile.Android", "aiala.mobile\aiala.mobile.Android\aiala.mobile.Android.csproj", "{6EB90346-2075-4965-94EF-F3E9B47EB040}"
EndProject
Project("{FAE04EC0-301F-11D3-BF4B-00C04F79EFBC}") = "aiala.mobile.iOS", "aiala.mobile\aiala.mobile.iOS\aiala.mobile.iOS.csproj", "{9E330E44-CBAF-43EB-8208-C9268AA7B9EA}"
EndProject
Project("{9A19103F-16F7-4668-BE54-9A1E7A4F7556}") = "aiala.mobile", "aiala.mobile\aiala.mobile\aiala.mobile.csproj", "{ED7C7CD2-20AA-4A5D-8B21-9D6142C51AE0}"
EndProject
Global
	GlobalSection(SolutionConfigurationPlatforms) = preSolution
		Ad-Hoc|Any CPU = Ad-Hoc|Any CPU
		Ad-Hoc|iPhone = Ad-Hoc|iPhone
		Ad-Hoc|iPhoneSimulator = Ad-Hoc|iPhoneSimulator
		AppStore|Any CPU = AppStore|Any CPU
		AppStore|iPhone = AppStore|iPhone
		AppStore|iPhoneSimulator = AppStore|iPhoneSimulator
		Debug|Any CPU = Debug|Any CPU
		Debug|iPhone = Debug|iPhone
		Debug|iPhoneSimulator = Debug|iPhoneSimulator
		Release|Any CPU = Release|Any CPU
		Release|iPhone = Release|iPhone
		Release|iPhoneSimulator = Release|iPhoneSimulator
	EndGlobalSection
	GlobalSection(ProjectConfigurationPlatforms) = postSolution
		{6EB90346-2075-4965-94EF-F3E9B47EB040}.Ad-Hoc|Any CPU.ActiveCfg = Release|Any CPU
		{6EB90346-2075-4965-94EF-F3E9B47EB040}.Ad-Hoc|Any CPU.Build.0 = Release|Any CPU
		{6EB90346-2075-4965-94EF-F3E9B47EB040}.Ad-Hoc|Any CPU.Deploy.0 = Release|Any CPU
		{6EB90346-2075-4965-94EF-F3E9B47EB040}.Ad-Hoc|iPhone.ActiveCfg = Release|Any CPU
		{6EB90346-2075-4965-94EF-F3E9B47EB040}.Ad-Hoc|iPhone.Build.0 = Release|Any CPU
		{6EB90346-2075-4965-94EF-F3E9B47EB040}.Ad-Hoc|iPhone.Deploy.0 = Release|Any CPU
		{6EB90346-2075-4965-94EF-F3E9B47EB040}.Ad-Hoc|iPhoneSimulator.ActiveCfg = Release|Any CPU
		{6EB90346-2075-4965-94EF-F3E9B47EB040}.Ad-Hoc|iPhoneSimulator.Build.0 = Release|Any CPU
		{6EB90346-2075-4965-94EF-F3E9B47EB040}.Ad-Hoc|iPhoneSimulator.Deploy.0 = Release|Any CPU
		{6EB90346-2075-4965-94EF-F3E9B47EB040}.AppStore|Any CPU.ActiveCfg = Release|Any CPU
		{6EB90346-2075-4965-94EF-F3E9B47EB040}.AppStore|Any CPU.Build.0 = Release|Any CPU
		{6EB90346-2075-4965-94EF-F3E9B47EB040}.AppStore|Any CPU.Deploy.0 = Release|Any CPU
		{6EB90346-2075-4965-94EF-F3E9B47EB040}.AppStore|iPhone.ActiveCfg = Release|Any CPU
		{6EB90346-2075-4965-94EF-F3E9B47EB040}.AppStore|iPhone.Build.0 = Release|Any CPU
		{6EB90346-2075-4965-94EF-F3E9B47EB040}.AppStore|iPhone.Deploy.0 = Release|Any CPU
		{6EB90346-2075-4965-94EF-F3E9B47EB040}.AppStore|iPhoneSimulator.ActiveCfg = Release|Any CPU
		{6EB90346-2075-4965-94EF-F3E9B47EB040}.AppStore|iPhoneSimulator.Build.0 = Release|Any CPU
		{6EB90346-2075-4965-94EF-F3E9B47EB040}.AppStore|iPhoneSimulator.Deploy.0 = Release|Any CPU
		{6EB90346-2075-4965-94EF-F3E9B47EB040}.Debug|Any CPU.ActiveCfg = Debug|Any CPU
		{6EB90346-2075-4965-94EF-F3E9B47EB040}.Debug|Any CPU.Build.0 = Debug|Any CPU
		{6EB90346-2075-4965-94EF-F3E9B47EB040}.Debug|Any CPU.Deploy.0 = Debug|Any CPU
		{6EB90346-2075-4965-94EF-F3E9B47EB040}.Debug|iPhone.ActiveCfg = Debug|Any CPU
		{6EB90346-2075-4965-94EF-F3E9B47EB040}.Debug|iPhone.Build.0 = Debug|Any CPU
		{6EB90346-2075-4965-94EF-F3E9B47EB040}.Debug|iPhone.Deploy.0 = Debug|Any CPU
		{6EB90346-2075-4965-94EF-F3E9B47EB040}.Debug|iPhoneSimulator.ActiveCfg = Debug|Any CPU
		{6EB90346-2075-4965-94EF-F3E9B47EB040}.Debug|iPhoneSimulator.Build.0 = Debug|Any CPU
		{6EB90346-2075-4965-94EF-F3E9B47EB040}.Debug|iPhoneSimulator.Deploy.0 = Debug|Any CPU
		{6EB90346-2075-4965-94EF-F3E9B47EB040}.Release|Any CPU.ActiveCfg = Release|Any CPU
		{6EB90346-2075-4965-94EF-F3E9B47EB040}.Release|Any CPU.Build.0 = Release|Any CPU
		{6EB90346-2075-4965-94EF-F3E9B47EB040}.Release|Any CPU.Deploy.0 = Release|Any CPU
		{6EB90346-2075-4965-94EF-F3E9B47EB040}.Release|iPhone.ActiveCfg = Release|Any CPU
		{6EB90346-2075-4965-94EF-F3E9B47EB040}.Release|iPhone.Build.0 = Release|Any CPU
		{6EB90346-2075-4965-94EF-F3E9B47EB040}.Release|iPhone.Deploy.0 = Release|Any CPU
		{6EB90346-2075-4965-94EF-F3E9B47EB040}.Release|iPhoneSimulator.ActiveCfg = Release|Any CPU
		{6EB90346-2075-4965-94EF-F3E9B47EB040}.Release|iPhoneSimulator.Build.0 = Release|Any CPU
		{6EB90346-2075-4965-94EF-F3E9B47EB040}.Release|iPhoneSimulator.Deploy.0 = Release|Any CPU
		{9E330E44-CBAF-43EB-8208-C9268AA7B9EA}.Ad-Hoc|Any CPU.ActiveCfg = Ad-Hoc|iPhone
		{9E330E44-CBAF-43EB-8208-C9268AA7B9EA}.Ad-Hoc|Any CPU.Build.0 = Ad-Hoc|iPhone
		{9E330E44-CBAF-43EB-8208-C9268AA7B9EA}.Ad-Hoc|Any CPU.Deploy.0 = Ad-Hoc|iPhone
		{9E330E44-CBAF-43EB-8208-C9268AA7B9EA}.Ad-Hoc|iPhone.ActiveCfg = Ad-Hoc|iPhone
		{9E330E44-CBAF-43EB-8208-C9268AA7B9EA}.Ad-Hoc|iPhone.Build.0 = Ad-Hoc|iPhone
		{9E330E44-CBAF-43EB-8208-C9268AA7B9EA}.Ad-Hoc|iPhone.Deploy.0 = Ad-Hoc|iPhone
		{9E330E44-CBAF-43EB-8208-C9268AA7B9EA}.Ad-Hoc|iPhoneSimulator.ActiveCfg = Ad-Hoc|iPhoneSimulator
		{9E330E44-CBAF-43EB-8208-C9268AA7B9EA}.Ad-Hoc|iPhoneSimulator.Build.0 = Ad-Hoc|iPhoneSimulator
		{9E330E44-CBAF-43EB-8208-C9268AA7B9EA}.Ad-Hoc|iPhoneSimulator.Deploy.0 = Ad-Hoc|iPhoneSimulator
		{9E330E44-CBAF-43EB-8208-C9268AA7B9EA}.AppStore|Any CPU.ActiveCfg = AppStore|iPhone
		{9E330E44-CBAF-43EB-8208-C9268AA7B9EA}.AppStore|Any CPU.Build.0 = AppStore|iPhone
		{9E330E44-CBAF-43EB-8208-C9268AA7B9EA}.AppStore|Any CPU.Deploy.0 = AppStore|iPhone
		{9E330E44-CBAF-43EB-8208-C9268AA7B9EA}.AppStore|iPhone.ActiveCfg = AppStore|iPhone
		{9E330E44-CBAF-43EB-8208-C9268AA7B9EA}.AppStore|iPhone.Build.0 = AppStore|iPhone
		{9E330E44-CBAF-43EB-8208-C9268AA7B9EA}.AppStore|iPhone.Deploy.0 = AppStore|iPhone
		{9E330E44-CBAF-43EB-8208-C9268AA7B9EA}.AppStore|iPhoneSimulator.ActiveCfg = AppStore|iPhoneSimulator
		{9E330E44-CBAF-43EB-8208-C9268AA7B9EA}.AppStore|iPhoneSimulator.Build.0 = AppStore|iPhoneSimulator
		{9E330E44-CBAF-43EB-8208-C9268AA7B9EA}.AppStore|iPhoneSimulator.Deploy.0 = AppStore|iPhoneSimulator
		{9E330E44-CBAF-43EB-8208-C9268AA7B9EA}.Debug|Any CPU.ActiveCfg = Debug|iPhoneSimulator
		{9E330E44-CBAF-43EB-8208-C9268AA7B9EA}.Debug|Any CPU.Build.0 = Debug|iPhoneSimulator
		{9E330E44-CBAF-43EB-8208-C9268AA7B9EA}.Debug|Any CPU.Deploy.0 = Debug|iPhoneSimulator
		{9E330E44-CBAF-43EB-8208-C9268AA7B9EA}.Debug|iPhone.ActiveCfg = Debug|iPhone
		{9E330E44-CBAF-43EB-8208-C9268AA7B9EA}.Debug|iPhone.Build.0 = Debug|iPhone
		{9E330E44-CBAF-43EB-8208-C9268AA7B9EA}.Debug|iPhone.Deploy.0 = Debug|iPhone
		{9E330E44-CBAF-43EB-8208-C9268AA7B9EA}.Debug|iPhoneSimulator.ActiveCfg = Debug|iPhoneSimulator
		{9E330E44-CBAF-43EB-8208-C9268AA7B9EA}.Debug|iPhoneSimulator.Build.0 = Debug|iPhoneSimulator
		{9E330E44-CBAF-43EB-8208-C9268AA7B9EA}.Debug|iPhoneSimulator.Deploy.0 = Debug|iPhoneSimulator
		{9E330E44-CBAF-43EB-8208-C9268AA7B9EA}.Release|Any CPU.ActiveCfg = Release|iPhone
		{9E330E44-CBAF-43EB-8208-C9268AA7B9EA}.Release|Any CPU.Build.0 = Release|iPhone
		{9E330E44-CBAF-43EB-8208-C9268AA7B9EA}.Release|Any CPU.Deploy.0 = Release|iPhone
		{9E330E44-CBAF-43EB-8208-C9268AA7B9EA}.Release|iPhone.ActiveCfg = Release|iPhone
		{9E330E44-CBAF-43EB-8208-C9268AA7B9EA}.Release|iPhone.Build.0 = Release|iPhone
		{9E330E44-CBAF-43EB-8208-C9268AA7B9EA}.Release|iPhone.Deploy.0 = Release|iPhone
		{9E330E44-CBAF-43EB-8208-C9268AA7B9EA}.Release|iPhoneSimulator.ActiveCfg = Release|iPhoneSimulator
		{9E330E44-CBAF-43EB-8208-C9268AA7B9EA}.Release|iPhoneSimulator.Build.0 = Release|iPhoneSimulator
		{9E330E44-CBAF-43EB-8208-C9268AA7B9EA}.Release|iPhoneSimulator.Deploy.0 = Release|iPhoneSimulator
		{ED7C7CD2-20AA-4A5D-8B21-9D6142C51AE0}.Ad-Hoc|Any CPU.ActiveCfg = Debug|Any CPU
		{ED7C7CD2-20AA-4A5D-8B21-9D6142C51AE0}.Ad-Hoc|Any CPU.Build.0 = Debug|Any CPU
		{ED7C7CD2-20AA-4A5D-8B21-9D6142C51AE0}.Ad-Hoc|Any CPU.Deploy.0 = Debug|Any CPU
		{ED7C7CD2-20AA-4A5D-8B21-9D6142C51AE0}.Ad-Hoc|iPhone.ActiveCfg = Debug|Any CPU
		{ED7C7CD2-20AA-4A5D-8B21-9D6142C51AE0}.Ad-Hoc|iPhone.Build.0 = Debug|Any CPU
		{ED7C7CD2-20AA-4A5D-8B21-9D6142C51AE0}.Ad-Hoc|iPhone.Deploy.0 = Debug|Any CPU
		{ED7C7CD2-20AA-4A5D-8B21-9D6142C51AE0}.Ad-Hoc|iPhoneSimulator.ActiveCfg = Debug|Any CPU
		{ED7C7CD2-20AA-4A5D-8B21-9D6142C51AE0}.Ad-Hoc|iPhoneSimulator.Build.0 = Debug|Any CPU
		{ED7C7CD2-20AA-4A5D-8B21-9D6142C51AE0}.Ad-Hoc|iPhoneSimulator.Deploy.0 = Debug|Any CPU
		{ED7C7CD2-20AA-4A5D-8B21-9D6142C51AE0}.AppStore|Any CPU.ActiveCfg = Debug|Any CPU
		{ED7C7CD2-20AA-4A5D-8B21-9D6142C51AE0}.AppStore|Any CPU.Build.0 = Debug|Any CPU
		{ED7C7CD2-20AA-4A5D-8B21-9D6142C51AE0}.AppStore|Any CPU.Deploy.0 = Debug|Any CPU
		{ED7C7CD2-20AA-4A5D-8B21-9D6142C51AE0}.AppStore|iPhone.ActiveCfg = Debug|Any CPU
		{ED7C7CD2-20AA-4A5D-8B21-9D6142C51AE0}.AppStore|iPhone.Build.0 = Debug|Any CPU
		{ED7C7CD2-20AA-4A5D-8B21-9D6142C51AE0}.AppStore|iPhone.Deploy.0 = Debug|Any CPU
		{ED7C7CD2-20AA-4A5D-8B21-9D6142C51AE0}.AppStore|iPhoneSimulator.ActiveCfg = Debug|Any CPU
		{ED7C7CD2-20AA-4A5D-8B21-9D6142C51AE0}.AppStore|iPhoneSimulator.Build.0 = Debug|Any CPU
		{ED7C7CD2-20AA-4A5D-8B21-9D6142C51AE0}.AppStore|iPhoneSimulator.Deploy.0 = Debug|Any CPU
		{ED7C7CD2-20AA-4A5D-8B21-9D6142C51AE0}.Debug|Any CPU.ActiveCfg = Debug|Any CPU
		{ED7C7CD2-20AA-4A5D-8B21-9D6142C51AE0}.Debug|Any CPU.Build.0 = Debug|Any CPU
		{ED7C7CD2-20AA-4A5D-8B21-9D6142C51AE0}.Debug|Any CPU.Deploy.0 = Debug|Any CPU
		{ED7C7CD2-20AA-4A5D-8B21-9D6142C51AE0}.Debug|iPhone.ActiveCfg = Debug|Any CPU
		{ED7C7CD2-20AA-4A5D-8B21-9D6142C51AE0}.Debug|iPhone.Build.0 = Debug|Any CPU
		{ED7C7CD2-20AA-4A5D-8B21-9D6142C51AE0}.Debug|iPhone.Deploy.0 = Debug|Any CPU
		{ED7C7CD2-20AA-4A5D-8B21-9D6142C51AE0}.Debug|iPhoneSimulator.ActiveCfg = Debug|Any CPU
		{ED7C7CD2-20AA-4A5D-8B21-9D6142C51AE0}.Debug|iPhoneSimulator.Build.0 = Debug|Any CPU
		{ED7C7CD2-20AA-4A5D-8B21-9D6142C51AE0}.Debug|iPhoneSimulator.Deploy.0 = Debug|Any CPU
		{ED7C7CD2-20AA-4A5D-8B21-9D6142C51AE0}.Release|Any CPU.ActiveCfg = Release|Any CPU
		{ED7C7CD2-20AA-4A5D-8B21-9D6142C51AE0}.Release|Any CPU.Build.0 = Release|Any CPU
		{ED7C7CD2-20AA-4A5D-8B21-9D6142C51AE0}.Release|Any CPU.Deploy.0 = Release|Any CPU
		{ED7C7CD2-20AA-4A5D-8B21-9D6142C51AE0}.Release|iPhone.ActiveCfg = Release|Any CPU
		{ED7C7CD2-20AA-4A5D-8B21-9D6142C51AE0}.Release|iPhone.Build.0 = Release|Any CPU
		{ED7C7CD2-20AA-4A5D-8B21-9D6142C51AE0}.Release|iPhone.Deploy.0 = Release|Any CPU
		{ED7C7CD2-20AA-4A5D-8B21-9D6142C51AE0}.Release|iPhoneSimulator.ActiveCfg = Release|Any CPU
		{ED7C7CD2-20AA-4A5D-8B21-9D6142C51AE0}.Release|iPhoneSimulator.Build.0 = Release|Any CPU
		{ED7C7CD2-20AA-4A5D-8B21-9D6142C51AE0}.Release|iPhoneSimulator.Deploy.0 = Release|Any CPU
	EndGlobalSection
	GlobalSection(SolutionProperties) = preSolution
		HideSolutionNode = FALSE
	EndGlobalSection
	GlobalSection(ExtensibilityGlobals) = postSolution
		SolutionGuid = {D59EA0D5-8F35-4DED-B512-B0BCA5C2E7F5}
	EndGlobalSection
EndGlobal
